
Microsoft Visual Studio Solution File, Format Version 12.00
# Visual Studio 14
VisualStudioVersion = 14.0.24720.0
MinimumVisualStudioVersion = 10.0.40219.1
Project("{FAE04EC0-301F-11D3-BF4B-00C04F79EFBC}") = "KML2SQL", "KML2SQL\KML2SQL.csproj", "{9FFFE8AD-A2A6-4FF6-AFA4-52D543C9C5C0}"
EndProject
Project("{FAE04EC0-301F-11D3-BF4B-00C04F79EFBC}") = "KML2SQLTests", "KML2SQLTests\KML2SQLTests.csproj", "{D0C14E3F-89C8-4B08-A55F-A6916876F6A2}"
EndProject
Project("{54435603-DBB4-11D2-8724-00A0C9A8B90C}") = "KML2SQL.Installer", "KML2SQL.Installer\KML2SQL.Installer.vdproj", "{5BEFFE09-C2E7-46D5-8D73-9EB173A60199}"
EndProject
Project("{FAE04EC0-301F-11D3-BF4B-00C04F79EFBC}") = "Kml2Sql.Mapping", "Kml2Sql.Mapping\Kml2Sql.Mapping.csproj", "{9113D27B-5925-4C1D-87C5-7CF9BDDFD5D2}"
EndProject
Global
	GlobalSection(SolutionConfigurationPlatforms) = preSolution
		Debug|Any CPU = Debug|Any CPU
		Release|Any CPU = Release|Any CPU
	EndGlobalSection
	GlobalSection(ProjectConfigurationPlatforms) = postSolution
		{9FFFE8AD-A2A6-4FF6-AFA4-52D543C9C5C0}.Debug|Any CPU.ActiveCfg = Debug|Any CPU
		{9FFFE8AD-A2A6-4FF6-AFA4-52D543C9C5C0}.Debug|Any CPU.Build.0 = Debug|Any CPU
		{9FFFE8AD-A2A6-4FF6-AFA4-52D543C9C5C0}.Release|Any CPU.ActiveCfg = Release|Any CPU
		{9FFFE8AD-A2A6-4FF6-AFA4-52D543C9C5C0}.Release|Any CPU.Build.0 = Release|Any CPU
		{D0C14E3F-89C8-4B08-A55F-A6916876F6A2}.Debug|Any CPU.ActiveCfg = Debug|Any CPU
		{D0C14E3F-89C8-4B08-A55F-A6916876F6A2}.Debug|Any CPU.Build.0 = Debug|Any CPU
		{D0C14E3F-89C8-4B08-A55F-A6916876F6A2}.Release|Any CPU.ActiveCfg = Release|Any CPU
		{D0C14E3F-89C8-4B08-A55F-A6916876F6A2}.Release|Any CPU.Build.0 = Release|Any CPU
		{5BEFFE09-C2E7-46D5-8D73-9EB173A60199}.Debug|Any CPU.ActiveCfg = Debug
		{5BEFFE09-C2E7-46D5-8D73-9EB173A60199}.Release|Any CPU.ActiveCfg = Release
		{9113D27B-5925-4C1D-87C5-7CF9BDDFD5D2}.Debug|Any CPU.ActiveCfg = Debug|Any CPU
		{9113D27B-5925-4C1D-87C5-7CF9BDDFD5D2}.Debug|Any CPU.Build.0 = Debug|Any CPU
		{9113D27B-5925-4C1D-87C5-7CF9BDDFD5D2}.Release|Any CPU.ActiveCfg = Release|Any CPU
		{9113D27B-5925-4C1D-87C5-7CF9BDDFD5D2}.Release|Any CPU.Build.0 = Release|Any CPU
	EndGlobalSection
	GlobalSection(SolutionProperties) = preSolution
		HideSolutionNode = FALSE
	EndGlobalSection
EndGlobal
